github.com/michaelcychan/data-structure-practice/listQueueStack v0.0.0-20230120142647-0270e1286f04 h1:t0ozMO9pPGB3Wgbv/5v44X8d18IUkANafCiAnQ7Qa1g=
github.com/michaelcychan/data-structure-practice/listQueueStack v0.0.0-20230120142647-0270e1286f04/go.mod h1:FHIGDsSYLO4fb3MRzIfdT5PIIhdiZijNvvwHayR1Ftk=
